# THIS IS AN AUTOGENERATED FILE. DO NOT EDIT THIS FILE DIRECTLY.
# yarn lockfile v1


miniprogram-api-typings@^2.6.5-2:
  version "2.6.5-2"
  resolved "https://registry.npmjs.org/miniprogram-api-typings/-/miniprogram-api-typings-2.6.5-2.tgz#990e3e5b91074ba4306bf6b8173cf38b632b4d3f"
  integrity sha512-P0NdPNfaCYL7E7w1VHhpYCeu6WcN7h3xejqwWv5jmqdTTdHda+EJKby1VNc49rPn/w45NiNJD5gHgeMHGlb9xA==

typescript@^3.3.3333:
  version "3.4.5"
  resolved "https://registry.npmjs.org/typescript/-/typescript-3.4.5.tgz#2d2618d10bb566572b8d7aad5180d84257d70a99"
  integrity sha512-YycBxUb49UUhdNMU5aJ7z5Ej2XGmaIBL0x34vZ82fn3hGvD+bgrMrVDpatgz2f7YxUMJxMkbWxJZeAvDxVe7Vw==
